
Microsoft Visual Studio Solution File, Format Version 12.00
# Visual Studio 15
Project("{FAE04EC0-301F-11D3-BF4B-00C04F79EFBC}") = "Assembly-CSharp", "Assembly-CSharp.csproj", "{654DE413-91AB-F1B5-0E9A-49A82646205D}"
EndProject
Project("{FAE04EC0-301F-11D3-BF4B-00C04F79EFBC}") = "Assembly-CSharp-Editor", "Assembly-CSharp-Editor.csproj", "{7DB21816-E4D0-691D-0B22-DD007DD7786D}"
EndProject
Global
	GlobalSection(SolutionConfigurationPlatforms) = preSolution
		Debug|Any CPU = Debug|Any CPU
		Release|Any CPU = Release|Any CPU
	EndGlobalSection
	GlobalSection(ProjectConfigurationPlatforms) = postSolution
		{654DE413-91AB-F1B5-0E9A-49A82646205D}.Debug|Any CPU.ActiveCfg = Debug|Any CPU
		{654DE413-91AB-F1B5-0E9A-49A82646205D}.Debug|Any CPU.Build.0 = Debug|Any CPU
		{654DE413-91AB-F1B5-0E9A-49A82646205D}.Release|Any CPU.ActiveCfg = Release|Any CPU
		{654DE413-91AB-F1B5-0E9A-49A82646205D}.Release|Any CPU.Build.0 = Release|Any CPU
		{7DB21816-E4D0-691D-0B22-DD007DD7786D}.Debug|Any CPU.ActiveCfg = Debug|Any CPU
		{7DB21816-E4D0-691D-0B22-DD007DD7786D}.Debug|Any CPU.Build.0 = Debug|Any CPU
		{7DB21816-E4D0-691D-0B22-DD007DD7786D}.Release|Any CPU.ActiveCfg = Release|Any CPU
		{7DB21816-E4D0-691D-0B22-DD007DD7786D}.Release|Any CPU.Build.0 = Release|Any CPU
	EndGlobalSection
	GlobalSection(SolutionProperties) = preSolution
		HideSolutionNode = FALSE
	EndGlobalSection
EndGlobal
